// !$*UTF8*$!
{
	archiveVersion = 1;
	classes = {
	};
	objectVersion = 46;
	objects = {

/* Begin PBXBuildFile section */
		B2B6B90D1BDDE503009AE30E /* _DTouchHelperTests.swift in Sources */ = {isa = PBXBuildFile; fileRef = B2B6B90C1BDDE503009AE30E /* _DTouchHelperTests.swift */; };
		B2B6B9181BDDE503009AE30E /* _DTouchHelperUITests.swift in Sources */ = {isa = PBXBuildFile; fileRef = B2B6B9171BDDE503009AE30E /* _DTouchHelperUITests.swift */; };
		B2B6B92F1BDDE783009AE30E /* AppDelegate.swift in Sources */ = {isa = PBXBuildFile; fileRef = B2B6B9281BDDE783009AE30E /* AppDelegate.swift */; };
		B2B6B9301BDDE783009AE30E /* Assets.xcassets in Resources */ = {isa = PBXBuildFile; fileRef = B2B6B9291BDDE783009AE30E /* Assets.xcassets */; };
		B2B6B9311BDDE783009AE30E /* LaunchScreen.storyboard in Resources */ = {isa = PBXBuildFile; fileRef = B2B6B92A1BDDE783009AE30E /* LaunchScreen.storyboard */; };
		B2B6B9321BDDE783009AE30E /* Main.storyboard in Resources */ = {isa = PBXBuildFile; fileRef = B2B6B92C1BDDE783009AE30E /* Main.storyboard */; };
		B2B6B9331BDDE783009AE30E /* Info.plist in Resources */ = {isa = PBXBuildFile; fileRef = B2B6B92E1BDDE783009AE30E /* Info.plist */; };
		B2B6B9351BDDE7C7009AE30E /* TDTouchGestureRecognizer.swift in Sources */ = {isa = PBXBuildFile; fileRef = B2B6B9341BDDE7C7009AE30E /* TDTouchGestureRecognizer.swift */; };
		B2B6B9371BDDE7E3009AE30E /* ViewController.swift in Sources */ = {isa = PBXBuildFile; fileRef = B2B6B9361BDDE7E3009AE30E /* ViewController.swift */; };
/* End PBXBuildFile section */

/* Begin PBXContainerItemProxy section */
		B2B6B9091BDDE503009AE30E /* PBXContainerItemProxy */ = {
			isa = PBXContainerItemProxy;
			containerPortal = B2B6B8EC1BDDE503009AE30E /* Project object */;
			proxyType = 1;
			remoteGlobalIDString = B2B6B8F31BDDE503009AE30E;
			remoteInfo = 3DTouchHelper;
		};
		B2B6B9141BDDE503009AE30E /* PBXContainerItemProxy */ = {
			isa = PBXContainerItemProxy;
			containerPortal = B2B6B8EC1BDDE503009AE30E /* Project object */;
			proxyType = 1;
			remoteGlobalIDString = B2B6B8F31BDDE503009AE30E;
			remoteInfo = 3DTouchHelper;
		};
/* End PBXContainerItemProxy section */

/* Begin PBXFileReference section */
		B2B6B8F41BDDE503009AE30E /* 3DTouchHelper.app */ = {isa = PBXFileReference; explicitFileType = wrapper.application; includeInIndex = 0; path = 3DTouchHelper.app; sourceTree = BUILT_PRODUCTS_DIR; };
		B2B6B9081BDDE503009AE30E /* 3DTouchHelperTests.xctest */ = {isa = PBXFileReference; explicitFileType = wrapper.cfbundle; includeInIndex = 0; path = 3DTouchHelperTests.xctest; sourceTree = BUILT_PRODUCTS_DIR; };
		B2B6B90C1BDDE503009AE30E /* _DTouchHelperTests.swift */ = {isa = PBXFileReference; lastKnownFileType = sourcecode.swift; path = _DTouchHelperTests.swift; sourceTree = "<group>"; };
		B2B6B90E1BDDE503009AE30E /* Info.plist */ = {isa = PBXFileReference; lastKnownFileType = text.plist.xml; path = Info.plist; sourceTree = "<group>"; };
		B2B6B9131BDDE503009AE30E /* 3DTouchHelperUITests.xctest */ = {isa = PBXFileReference; explicitFileType = wrapper.cfbundle; includeInIndex = 0; path = 3DTouchHelperUITests.xctest; sourceTree = BUILT_PRODUCTS_DIR; };
		B2B6B9171BDDE503009AE30E /* _DTouchHelperUITests.swift */ = {isa = PBXFileReference; lastKnownFileType = sourcecode.swift; path = _DTouchHelperUITests.swift; sourceTree = "<group>"; };
		B2B6B9191BDDE503009AE30E /* Info.plist */ = {isa = PBXFileReference; lastKnownFileType = text.plist.xml; path = Info.plist; sourceTree = "<group>"; };
		B2B6B9281BDDE783009AE30E /* AppDelegate.swift */ = {isa = PBXFileReference; fileEncoding = 4; lastKnownFileType = sourcecode.swift; path = AppDelegate.swift; sourceTree = "<group>"; };
		B2B6B9291BDDE783009AE30E /* Assets.xcassets */ = {isa = PBXFileReference; lastKnownFileType = folder.assetcatalog; path = Assets.xcassets; sourceTree = "<group>"; };
		B2B6B92B1BDDE783009AE30E /* Base */ = {isa = PBXFileReference; lastKnownFileType = file.storyboard; name = Base; path = Base.lproj/LaunchScreen.storyboard; sourceTree = "<group>"; };
		B2B6B92D1BDDE783009AE30E /* Base */ = {isa = PBXFileReference; lastKnownFileType = file.storyboard; name = Base; path = Base.lproj/Main.storyboard; sourceTree = "<group>"; };
		B2B6B92E1BDDE783009AE30E /* Info.plist */ = {isa = PBXFileReference; fileEncoding = 4; lastKnownFileType = text.plist.xml; path = Info.plist; sourceTree = "<group>"; };
		B2B6B9341BDDE7C7009AE30E /* TDTouchGestureRecognizer.swift */ = {isa = PBXFileReference; fileEncoding = 4; lastKnownFileType = sourcecode.swift; path = TDTouchGestureRecognizer.swift; sourceTree = "<group>"; };
		B2B6B9361BDDE7E3009AE30E /* ViewController.swift */ = {isa = PBXFileReference; fileEncoding = 4; lastKnownFileType = sourcecode.swift; path = ViewController.swift; sourceTree = "<group>"; };
/* End PBXFileReference section */

/* Begin PBXFrameworksBuildPhase section */
		B2B6B8F11BDDE503009AE30E /* Frameworks */ = {
			isa = PBXFrameworksBuildPhase;
			buildActionMask = 2147483647;
			files = (
			);
			runOnlyForDeploymentPostprocessing = 0;
		};
		B2B6B9051BDDE503009AE30E /* Frameworks */ = {
			isa = PBXFrameworksBuildPhase;
			buildActionMask = 2147483647;
			files = (
			);
			runOnlyForDeploymentPostprocessing = 0;
		};
		B2B6B9101BDDE503009AE30E /* Frameworks */ = {
			isa = PBXFrameworksBuildPhase;
			buildActionMask = 2147483647;
			files = (
			);
			runOnlyForDeploymentPostprocessing = 0;
		};
/* End PBXFrameworksBuildPhase section */

/* Begin PBXGroup section */
		B2B6B8EB1BDDE503009AE30E = {
			isa = PBXGroup;
			children = (
				B2B6B8F61BDDE503009AE30E /* 3DTouchHelper */,
				B2B6B90B1BDDE503009AE30E /* 3DTouchHelperTests */,
				B2B6B9161BDDE503009AE30E /* 3DTouchHelperUITests */,
				B2B6B8F51BDDE503009AE30E /* Products */,
			);
			sourceTree = "<group>";
		};
		B2B6B8F51BDDE503009AE30E /* Products */ = {
			isa = PBXGroup;
			children = (
				B2B6B8F41BDDE503009AE30E /* 3DTouchHelper.app */,
				B2B6B9081BDDE503009AE30E /* 3DTouchHelperTests.xctest */,
				B2B6B9131BDDE503009AE30E /* 3DTouchHelperUITests.xctest */,
			);
			name = Products;
			sourceTree = "<group>";
		};
		B2B6B8F61BDDE503009AE30E /* 3DTouchHelper */ = {
			isa = PBXGroup;
			children = (
				B2B6B9251BDDE783009AE30E /* 3DTouchHelper */,
				B2B6B9261BDDE783009AE30E /* Example */,
				B2B6B9271BDDE783009AE30E /* SupportingFiles */,
			);
			path = 3DTouchHelper;
			sourceTree = "<group>";
		};
		B2B6B90B1BDDE503009AE30E /* 3DTouchHelperTests */ = {
			isa = PBXGroup;
			children = (
				B2B6B90C1BDDE503009AE30E /* _DTouchHelperTests.swift */,
				B2B6B90E1BDDE503009AE30E /* Info.plist */,
			);
			path = 3DTouchHelperTests;
			sourceTree = "<group>";
		};
		B2B6B9161BDDE503009AE30E /* 3DTouchHelperUITests */ = {
			isa = PBXGroup;
			children = (
				B2B6B9171BDDE503009AE30E /* _DTouchHelperUITests.swift */,
				B2B6B9191BDDE503009AE30E /* Info.plist */,
			);
			path = 3DTouchHelperUITests;
			sourceTree = "<group>";
		};
		B2B6B9251BDDE783009AE30E /* 3DTouchHelper */ = {
			isa = PBXGroup;
			children = (
				B2B6B9341BDDE7C7009AE30E /* TDTouchGestureRecognizer.swift */,
			);
			path = 3DTouchHelper;
			sourceTree = "<group>";
		};
		B2B6B9261BDDE783009AE30E /* Example */ = {
			isa = PBXGroup;
			children = (
				B2B6B9361BDDE7E3009AE30E /* ViewController.swift */,
			);
			path = Example;
			sourceTree = "<group>";
		};
		B2B6B9271BDDE783009AE30E /* SupportingFiles */ = {
			isa = PBXGroup;
			children = (
				B2B6B9281BDDE783009AE30E /* AppDelegate.swift */,
				B2B6B9291BDDE783009AE30E /* Assets.xcassets */,
				B2B6B92A1BDDE783009AE30E /* LaunchScreen.storyboard */,
				B2B6B92C1BDDE783009AE30E /* Main.storyboard */,
				B2B6B92E1BDDE783009AE30E /* Info.plist */,
			);
			path = SupportingFiles;
			sourceTree = "<group>";
		};
/* End PBXGroup section */

/* Begin PBXNativeTarget section */
		B2B6B8F31BDDE503009AE30E /* 3DTouchHelper */ = {
			isa = PBXNativeTarget;
			buildConfigurationList = B2B6B91C1BDDE503009AE30E /* Build configuration list for PBXNativeTarget "3DTouchHelper" */;
			buildPhases = (
				B2B6B8F01BDDE503009AE30E /* Sources */,
				B2B6B8F11BDDE503009AE30E /* Frameworks */,
				B2B6B8F21BDDE503009AE30E /* Resources */,
			);
			buildRules = (
			);
			dependencies = (
			);
			name = 3DTouchHelper;
			productName = 3DTouchHelper;
			productReference = B2B6B8F41BDDE503009AE30E /* 3DTouchHelper.app */;
			productType = "com.apple.product-type.application";
		};
		B2B6B9071BDDE503009AE30E /* 3DTouchHelperTests */ = {
			isa = PBXNativeTarget;
			buildConfigurationList = B2B6B91F1BDDE503009AE30E /* Build configuration list for PBXNativeTarget "3DTouchHelperTests" */;
			buildPhases = (
				B2B6B9041BDDE503009AE30E /* Sources */,
				B2B6B9051BDDE503009AE30E /* Frameworks */,
				B2B6B9061BDDE503009AE30E /* Resources */,
			);
			buildRules = (
			);
			dependencies = (
				B2B6B90A1BDDE503009AE30E /* PBXTargetDependency */,
			);
			name = 3DTouchHelperTests;
			productName = 3DTouchHelperTests;
			productReference = B2B6B9081BDDE503009AE30E /* 3DTouchHelperTests.xctest */;
			productType = "com.apple.product-type.bundle.unit-test";
		};
		B2B6B9121BDDE503009AE30E /* 3DTouchHelperUITests */ = {
			isa = PBXNativeTarget;
			buildConfigurationList = B2B6B9221BDDE503009AE30E /* Build configuration list for PBXNativeTarget "3DTouchHelperUITests" */;
			buildPhases = (
				B2B6B90F1BDDE503009AE30E /* Sources */,
				B2B6B9101BDDE503009AE30E /* Frameworks */,
				B2B6B9111BDDE503009AE30E /* Resources */,
			);
			buildRules = (
			);
			dependencies = (
				B2B6B9151BDDE503009AE30E /* PBXTargetDependency */,
			);
			name = 3DTouchHelperUITests;
			productName = 3DTouchHelperUITests;
			productReference = B2B6B9131BDDE503009AE30E /* 3DTouchHelperUITests.xctest */;
			productType = "com.apple.product-type.bundle.ui-testing";
		};
/* End PBXNativeTarget section */

/* Begin PBXProject section */
		B2B6B8EC1BDDE503009AE30E /* Project object */ = {
			isa = PBXProject;
			attributes = {
				LastSwiftUpdateCheck = 0710;
				LastUpgradeCheck = 0710;
				ORGANIZATIONNAME = prototapp;
				TargetAttributes = {
					B2B6B8F31BDDE503009AE30E = {
						CreatedOnToolsVersion = 7.1;
					};
					B2B6B9071BDDE503009AE30E = {
						CreatedOnToolsVersion = 7.1;
						TestTargetID = B2B6B8F31BDDE503009AE30E;
					};
					B2B6B9121BDDE503009AE30E = {
						CreatedOnToolsVersion = 7.1;
						TestTargetID = B2B6B8F31BDDE503009AE30E;
					};
				};
			};
			buildConfigurationList = B2B6B8EF1BDDE503009AE30E /* Build configuration list for PBXProject "3DTouchHelper" */;
			compatibilityVersion = "Xcode 3.2";
			developmentRegion = English;
			hasScannedForEncodings = 0;
			knownRegions = (
				en,
				Base,
			);
			mainGroup = B2B6B8EB1BDDE503009AE30E;
			productRefGroup = B2B6B8F51BDDE503009AE30E /* Products */;
			projectDirPath = "";
			projectRoot = "";
			targets = (
				B2B6B8F31BDDE503009AE30E /* 3DTouchHelper */,
				B2B6B9071BDDE503009AE30E /* 3DTouchHelperTests */,
				B2B6B9121BDDE503009AE30E /* 3DTouchHelperUITests */,
			);
		};
/* End PBXProject section */

/* Begin PBXResourcesBuildPhase section */
		B2B6B8F21BDDE503009AE30E /* Resources */ = {
			isa = PBXResourcesBuildPhase;
			buildActionMask = 2147483647;
			files = (
				B2B6B9331BDDE783009AE30E /* Info.plist in Resources */,
				B2B6B9321BDDE783009AE30E /* Main.storyboard in Resources */,
				B2B6B9301BDDE783009AE30E /* Assets.xcassets in Resources */,
				B2B6B9311BDDE783009AE30E /* LaunchScreen.storyboard in Resources */,
			);
			runOnlyForDeploymentPostprocessing = 0;
		};
		B2B6B9061BDDE503009AE30E /* Resources */ = {
			isa = PBXResourcesBuildPhase;
			buildActionMask = 2147483647;
			files = (
			);
			runOnlyForDeploymentPostprocessing = 0;
		};
		B2B6B9111BDDE503009AE30E /* Resources */ = {
			isa = PBXResourcesBuildPhase;
			buildActionMask = 2147483647;
			files = (
			);
			runOnlyForDeploymentPostprocessing = 0;
		};
/* End PBXResourcesBuildPhase section */

/* Begin PBXSourcesBuildPhase section */
		B2B6B8F01BDDE503009AE30E /* Sources */ = {
			isa = PBXSourcesBuildPhase;
			buildActionMask = 2147483647;
			files = (
				B2B6B9371BDDE7E3009AE30E /* ViewController.swift in Sources */,
				B2B6B92F1BDDE783009AE30E /* AppDelegate.swift in Sources */,
				B2B6B9351BDDE7C7009AE30E /* TDTouchGestureRecognizer.swift in Sources */,
			);
			runOnlyForDeploymentPostprocessing = 0;
		};
		B2B6B9041BDDE503009AE30E /* Sources */ = {
			isa = PBXSourcesBuildPhase;
			buildActionMask = 2147483647;
			files = (
				B2B6B90D1BDDE503009AE30E /* _DTouchHelperTests.swift in Sources */,
			);
			runOnlyForDeploymentPostprocessing = 0;
		};
		B2B6B90F1BDDE503009AE30E /* Sources */ = {
			isa = PBXSourcesBuildPhase;
			buildActionMask = 2147483647;
			files = (
				B2B6B9181BDDE503009AE30E /* _DTouchHelperUITests.swift in Sources */,
			);
			runOnlyForDeploymentPostprocessing = 0;
		};
/* End PBXSourcesBuildPhase section */

/* Begin PBXTargetDependency section */
		B2B6B90A1BDDE503009AE30E /* PBXTargetDependency */ = {
			isa = PBXTargetDependency;
			target = B2B6B8F31BDDE503009AE30E /* 3DTouchHelper */;
			targetProxy = B2B6B9091BDDE503009AE30E /* PBXContainerItemProxy */;
		};
		B2B6B9151BDDE503009AE30E /* PBXTargetDependency */ = {
			isa = PBXTargetDependency;
			target = B2B6B8F31BDDE503009AE30E /* 3DTouchHelper */;
			targetProxy = B2B6B9141BDDE503009AE30E /* PBXContainerItemProxy */;
		};
/* End PBXTargetDependency section */

/* Begin PBXVariantGroup section */
		B2B6B92A1BDDE783009AE30E /* LaunchScreen.storyboard */ = {
			isa = PBXVariantGroup;
			children = (
				B2B6B92B1BDDE783009AE30E /* Base */,
			);
			name = LaunchScreen.storyboard;
			sourceTree = "<group>";
		};
		B2B6B92C1BDDE783009AE30E /* Main.storyboard */ = {
			isa = PBXVariantGroup;
			children = (
				B2B6B92D1BDDE783009AE30E /* Base */,
			);
			name = Main.storyboard;
			sourceTree = "<group>";
		};
/* End PBXVariantGroup section */

/* Begin XCBuildConfiguration section */
		B2B6B91A1BDDE503009AE30E /* Debug */ = {
			isa = XCBuildConfiguration;
			buildSettings = {
				ALWAYS_SEARCH_USER_PATHS = NO;
				CLANG_CXX_LANGUAGE_STANDARD = "gnu++0x";
				CLANG_CXX_LIBRARY = "libc++";
				CLANG_ENABLE_MODULES = YES;
				CLANG_ENABLE_OBJC_ARC = YES;
				CLANG_WARN_BOOL_CONVERSION = YES;
				CLANG_WARN_CONSTANT_CONVERSION = YES;
				CLANG_WARN_DIRECT_OBJC_ISA_USAGE = YES_ERROR;
				CLANG_WARN_EMPTY_BODY = YES;
				CLANG_WARN_ENUM_CONVERSION = YES;
				CLANG_WARN_INT_CONVERSION = YES;
				CLANG_WARN_OBJC_ROOT_CLASS = YES_ERROR;
				CLANG_WARN_UNREACHABLE_CODE = YES;
				CLANG_WARN__DUPLICATE_METHOD_MATCH = YES;
				"CODE_SIGN_IDENTITY[sdk=iphoneos*]" = "iPhone Developer";
				COPY_PHASE_STRIP = NO;
				DEBUG_INFORMATION_FORMAT = dwarf;
				ENABLE_STRICT_OBJC_MSGSEND = YES;
				ENABLE_TESTABILITY = YES;
				GCC_C_LANGUAGE_STANDARD = gnu99;
				GCC_DYNAMIC_NO_PIC = NO;
				GCC_NO_COMMON_BLOCKS = YES;
				GCC_OPTIMIZATION_LEVEL = 0;
				GCC_PREPROCESSOR_DEFINITIONS = (
					"DEBUG=1",
					"$(inherited)",
				);
				GCC_WARN_64_TO_32_BIT_CONVERSION = YES;
				GCC_WARN_ABOUT_RETURN_TYPE = YES_ERROR;
				GCC_WARN_UNDECLARED_SELECTOR = YES;
				GCC_WARN_UNINITIALIZED_AUTOS = YES_AGGRESSIVE;
				GCC_WARN_UNUSED_FUNCTION = YES;
				GCC_WARN_UNUSED_VARIABLE = YES;
				IPHONEOS_DEPLOYMENT_TARGET = 9.1;
				MTL_ENABLE_DEBUG_INFO = YES;
				ONLY_ACTIVE_ARCH = YES;
				SDKROOT = iphoneos;
				SWIFT_OPTIMIZATION_LEVEL = "-Onone";
				TARGETED_DEVICE_FAMILY = "1,2";
			};
			name = Debug;
		};
		B2B6B91B1BDDE503009AE30E /* Release */ = {
			isa = XCBuildConfiguration;
			buildSettings = {
				ALWAYS_SEARCH_USER_PATHS = NO;
				CLANG_CXX_LANGUAGE_STANDARD = "gnu++0x";
				CLANG_CXX_LIBRARY = "libc++";
				CLANG_ENABLE_MODULES = YES;
				CLANG_ENABLE_OBJC_ARC = YES;
				CLANG_WARN_BOOL_CONVERSION = YES;
				CLANG_WARN_CONSTANT_CONVERSION = YES;
				CLANG_WARN_DIRECT_OBJC_ISA_USAGE = YES_ERROR;
				CLANG_WARN_EMPTY_BODY = YES;
				CLANG_WARN_ENUM_CONVERSION = YES;
				CLANG_WARN_INT_CONVERSION = YES;
				CLANG_WARN_OBJC_ROOT_CLASS = YES_ERROR;
				CLANG_WARN_UNREACHABLE_CODE = YES;
				CLANG_WARN__DUPLICATE_METHOD_MATCH = YES;
				"CODE_SIGN_IDENTITY[sdk=iphoneos*]" = "iPhone Developer";
				COPY_PHASE_STRIP = NO;
				DEBUG_INFORMATION_FORMAT = "dwarf-with-dsym";
				ENABLE_NS_ASSERTIONS = NO;
				ENABLE_STRICT_OBJC_MSGSEND = YES;
				GCC_C_LANGUAGE_STANDARD = gnu99;
				GCC_NO_COMMON_BLOCKS = YES;
				GCC_WARN_64_TO_32_BIT_CONVERSION = YES;
				GCC_WARN_ABOUT_RETURN_TYPE = YES_ERROR;
				GCC_WARN_UNDECLARED_SELECTOR = YES;
				GCC_WARN_UNINITIALIZED_AUTOS = YES_AGGRESSIVE;
				GCC_WARN_UNUSED_FUNCTION = YES;
				GCC_WARN_UNUSED_VARIABLE = YES;
				IPHONEOS_DEPLOYMENT_TARGET = 9.1;
				MTL_ENABLE_DEBUG_INFO = NO;
				SDKROOT = iphoneos;
				TARGETED_DEVICE_FAMILY = "1,2";
				VALIDATE_PRODUCT = YES;
			};
			name = Release;
		};
		B2B6B91D1BDDE503009AE30E /* Debug */ = {
			isa = XCBuildConfiguration;
			buildSettings = {
				ASSETCATALOG_COMPILER_APPICON_NAME = AppIcon;
				INFOPLIST_FILE = "$(SRCROOT)/3DTouchHelper/SupportingFiles/Info.plist";
				LD_RUNPATH_SEARCH_PATHS = "$(inherited) @executable_path/Frameworks";
				PRODUCT_BUNDLE_IDENTIFIER = "co.prototapp.-DTouchHelper";
				PRODUCT_NAME = "$(TARGET_NAME)";
			};
			name = Debug;
		};
		B2B6B91E1BDDE503009AE30E /* Release */ = {
			isa = XCBuildConfiguration;
			buildSettings = {
				ASSETCATALOG_COMPILER_APPICON_NAME = AppIcon;
				INFOPLIST_FILE = "$(SRCROOT)/3DTouchHelper/SupportingFiles/Info.plist";
				LD_RUNPATH_SEARCH_PATHS = "$(inherited) @executable_path/Frameworks";
				PRODUCT_BUNDLE_IDENTIFIER = "co.prototapp.-DTouchHelper";
				PRODUCT_NAME = "$(TARGET_NAME)";
			};
			name = Release;
		};
		B2B6B9201BDDE503009AE30E /* Debug */ = {
			isa = XCBuildConfiguration;
			buildSettings = {
				BUNDLE_LOADER = "$(TEST_HOST)";
				INFOPLIST_FILE = 3DTouchHelperTests/Info.plist;
				LD_RUNPATH_SEARCH_PATHS = "$(inherited) @executable_path/Frameworks @loader_path/Frameworks";
				PRODUCT_BUNDLE_IDENTIFIER = "co.prototapp.-DTouchHelperTests";
				PRODUCT_NAME = "$(TARGET_NAME)";
				TEST_HOST = "$(BUILT_PRODUCTS_DIR)/3DTouchHelper.app/3DTouchHelper";
			};
			name = Debug;
		};
		B2B6B9211BDDE503009AE30E /* Release */ = {
			isa = XCBuildConfiguration;
			buildSettings = {
				BUNDLE_LOADER = "$(TEST_HOST)";
				INFOPLIST_FILE = 3DTouchHelperTests/Info.plist;
				LD_RUNPATH_SEARCH_PATHS = "$(inherited) @executable_path/Frameworks @loader_path/Frameworks";
				PRODUCT_BUNDLE_IDENTIFIER = "co.prototapp.-DTouchHelperTests";
				PRODUCT_NAME = "$(TARGET_NAME)";
				TEST_HOST = "$(BUILT_PRODUCTS_DIR)/3DTouchHelper.app/3DTouchHelper";
			};
			name = Release;
		};
		B2B6B9231BDDE503009AE30E /* Debug */ = {
			isa = XCBuildConfiguration;
			buildSettings = {
				INFOPLIST_FILE = 3DTouchHelperUITests/Info.plist;
				LD_RUNPATH_SEARCH_PATHS = "$(inherited) @executable_path/Frameworks @loader_path/Frameworks";
				PRODUCT_BUNDLE_IDENTIFIER = "co.prototapp.-DTouchHelperUITests";
				PRODUCT_NAME = "$(TARGET_NAME)";
				TEST_TARGET_NAME = 3DTouchHelper;
				USES_XCTRUNNER = YES;
			};
			name = Debug;
		};
		B2B6B9241BDDE503009AE30E /* Release */ = {
			isa = XCBuildConfiguration;
			buildSettings = {
				INFOPLIST_FILE = 3DTouchHelperUITests/Info.plist;
				LD_RUNPATH_SEARCH_PATHS = "$(inherited) @executable_path/Frameworks @loader_path/Frameworks";
				PRODUCT_BUNDLE_IDENTIFIER = "co.prototapp.-DTouchHelperUITests";
				PRODUCT_NAME = "$(TARGET_NAME)";
				TEST_TARGET_NAME = 3DTouchHelper;
				USES_XCTRUNNER = YES;
			};
			name = Release;
		};
/* End XCBuildConfiguration section */

/* Begin XCConfigurationList section */
		B2B6B8EF1BDDE503009AE30E /* Build configuration list for PBXProject "3DTouchHelper" */ = {
			isa = XCConfigurationList;
			buildConfigurations = (
				B2B6B91A1BDDE503009AE30E /* Debug */,
				B2B6B91B1BDDE503009AE30E /* Release */,
			);
			defaultConfigurationIsVisible = 0;
			defaultConfigurationName = Release;
		};
		B2B6B91C1BDDE503009AE30E /* Build configuration list for PBXNativeTarget "3DTouchHelper" */ = {
			isa = XCConfigurationList;
			buildConfigurations = (
				B2B6B91D1BDDE503009AE30E /* Debug */,
				B2B6B91E1BDDE503009AE30E /* Release */,
			);
			defaultConfigurationIsVisible = 0;
		};
		B2B6B91F1BDDE503009AE30E /* Build configuration list for PBXNativeTarget "3DTouchHelperTests" */ = {
			isa = XCConfigurationList;
			buildConfigurations = (
				B2B6B9201BDDE503009AE30E /* Debug */,
				B2B6B9211BDDE503009AE30E /* Release */,
			);
			defaultConfigurationIsVisible = 0;
		};
		B2B6B9221BDDE503009AE30E /* Build configuration list for PBXNativeTarget "3DTouchHelperUITests" */ = {
			isa = XCConfigurationList;
			buildConfigurations = (
				B2B6B9231BDDE503009AE30E /* Debug */,
				B2B6B9241BDDE503009AE30E /* Release */,
			);
			defaultConfigurationIsVisible = 0;
		};
/* End XCConfigurationList section */
	};
	rootObject = B2B6B8EC1BDDE503009AE30E /* Project object */;
}
